
Microsoft Visual Studio Solution File, Format Version 12.00
# Visual Studio 14
VisualStudioVersion = 14.0.25420.1
MinimumVisualStudioVersion = 10.0.40219.1
Project("{FAE04EC0-301F-11D3-BF4B-00C04F79EFBC}") = "NNDDPlayer_Android", "NNDDPlayer_Android\NNDDPlayer_Android.csproj", "{0F6E014E-FA93-456F-8363-E58DF09E6B17}"
EndProject
Project("{D954291E-2A0B-460D-934E-DC6B0785DB48}") = "SharedLib", "SharedLib\SharedLib.shproj", "{14620233-1E5B-4304-95CC-F807B2BD6EFD}"
EndProject
Project("{FAE04EC0-301F-11D3-BF4B-00C04F79EFBC}") = "NNDDPlayer_WindowsPhone", "NNDDPlayer_WindowsPhone\NNDDPlayer_WindowsPhone.csproj", "{08EB2D5E-23AC-4752-BD09-35763B74C65E}"
EndProject
Project("{FAE04EC0-301F-11D3-BF4B-00C04F79EFBC}") = "NNDDPlayer_iOS", "NNDDPlayer_iOS\NNDDPlayer_iOS.csproj", "{6C75A61B-3CBB-4513-A5A5-145D9D17C6E4}"
EndProject
Global
	GlobalSection(SharedMSBuildProjectFiles) = preSolution
		SharedLib\SharedLib.projitems*{0f6e014e-fa93-456f-8363-e58df09e6b17}*SharedItemsImports = 4
		SharedLib\SharedLib.projitems*{14620233-1e5b-4304-95cc-f807b2bd6efd}*SharedItemsImports = 13
	EndGlobalSection
	GlobalSection(SolutionConfigurationPlatforms) = preSolution
		Ad-Hoc|Any CPU = Ad-Hoc|Any CPU
		Ad-Hoc|ARM = Ad-Hoc|ARM
		Ad-Hoc|iPhone = Ad-Hoc|iPhone
		Ad-Hoc|iPhoneSimulator = Ad-Hoc|iPhoneSimulator
		Ad-Hoc|x86 = Ad-Hoc|x86
		AppStore|Any CPU = AppStore|Any CPU
		AppStore|ARM = AppStore|ARM
		AppStore|iPhone = AppStore|iPhone
		AppStore|iPhoneSimulator = AppStore|iPhoneSimulator
		AppStore|x86 = AppStore|x86
		Debug|Any CPU = Debug|Any CPU
		Debug|ARM = Debug|ARM
		Debug|iPhone = Debug|iPhone
		Debug|iPhoneSimulator = Debug|iPhoneSimulator
		Debug|x86 = Debug|x86
		Release|Any CPU = Release|Any CPU
		Release|ARM = Release|ARM
		Release|iPhone = Release|iPhone
		Release|iPhoneSimulator = Release|iPhoneSimulator
		Release|x86 = Release|x86
	EndGlobalSection
	GlobalSection(ProjectConfigurationPlatforms) = postSolution
		{0F6E014E-FA93-456F-8363-E58DF09E6B17}.Ad-Hoc|Any CPU.ActiveCfg = Release|Any CPU
		{0F6E014E-FA93-456F-8363-E58DF09E6B17}.Ad-Hoc|Any CPU.Build.0 = Release|Any CPU
		{0F6E014E-FA93-456F-8363-E58DF09E6B17}.Ad-Hoc|Any CPU.Deploy.0 = Release|Any CPU
		{0F6E014E-FA93-456F-8363-E58DF09E6B17}.Ad-Hoc|ARM.ActiveCfg = Release|Any CPU
		{0F6E014E-FA93-456F-8363-E58DF09E6B17}.Ad-Hoc|ARM.Build.0 = Release|Any CPU
		{0F6E014E-FA93-456F-8363-E58DF09E6B17}.Ad-Hoc|ARM.Deploy.0 = Release|Any CPU
		{0F6E014E-FA93-456F-8363-E58DF09E6B17}.Ad-Hoc|iPhone.ActiveCfg = Release|Any CPU
		{0F6E014E-FA93-456F-8363-E58DF09E6B17}.Ad-Hoc|iPhone.Build.0 = Release|Any CPU
		{0F6E014E-FA93-456F-8363-E58DF09E6B17}.Ad-Hoc|iPhone.Deploy.0 = Release|Any CPU
		{0F6E014E-FA93-456F-8363-E58DF09E6B17}.Ad-Hoc|iPhoneSimulator.ActiveCfg = Release|Any CPU
		{0F6E014E-FA93-456F-8363-E58DF09E6B17}.Ad-Hoc|iPhoneSimulator.Build.0 = Release|Any CPU
		{0F6E014E-FA93-456F-8363-E58DF09E6B17}.Ad-Hoc|iPhoneSimulator.Deploy.0 = Release|Any CPU
		{0F6E014E-FA93-456F-8363-E58DF09E6B17}.Ad-Hoc|x86.ActiveCfg = Release|Any CPU
		{0F6E014E-FA93-456F-8363-E58DF09E6B17}.Ad-Hoc|x86.Build.0 = Release|Any CPU
		{0F6E014E-FA93-456F-8363-E58DF09E6B17}.Ad-Hoc|x86.Deploy.0 = Release|Any CPU
		{0F6E014E-FA93-456F-8363-E58DF09E6B17}.AppStore|Any CPU.ActiveCfg = Release|Any CPU
		{0F6E014E-FA93-456F-8363-E58DF09E6B17}.AppStore|Any CPU.Build.0 = Release|Any CPU
		{0F6E014E-FA93-456F-8363-E58DF09E6B17}.AppStore|Any CPU.Deploy.0 = Release|Any CPU
		{0F6E014E-FA93-456F-8363-E58DF09E6B17}.AppStore|ARM.ActiveCfg = Release|Any CPU
		{0F6E014E-FA93-456F-8363-E58DF09E6B17}.AppStore|ARM.Build.0 = Release|Any CPU
		{0F6E014E-FA93-456F-8363-E58DF09E6B17}.AppStore|ARM.Deploy.0 = Release|Any CPU
		{0F6E014E-FA93-456F-8363-E58DF09E6B17}.AppStore|iPhone.ActiveCfg = Release|Any CPU
		{0F6E014E-FA93-456F-8363-E58DF09E6B17}.AppStore|iPhone.Build.0 = Release|Any CPU
		{0F6E014E-FA93-456F-8363-E58DF09E6B17}.AppStore|iPhone.Deploy.0 = Release|Any CPU
		{0F6E014E-FA93-456F-8363-E58DF09E6B17}.AppStore|iPhoneSimulator.ActiveCfg = Release|Any CPU
		{0F6E014E-FA93-456F-8363-E58DF09E6B17}.AppStore|iPhoneSimulator.Build.0 = Release|Any CPU
		{0F6E014E-FA93-456F-8363-E58DF09E6B17}.AppStore|iPhoneSimulator.Deploy.0 = Release|Any CPU
		{0F6E014E-FA93-456F-8363-E58DF09E6B17}.AppStore|x86.ActiveCfg = Release|Any CPU
		{0F6E014E-FA93-456F-8363-E58DF09E6B17}.AppStore|x86.Build.0 = Release|Any CPU
		{0F6E014E-FA93-456F-8363-E58DF09E6B17}.AppStore|x86.Deploy.0 = Release|Any CPU
		{0F6E014E-FA93-456F-8363-E58DF09E6B17}.Debug|Any CPU.ActiveCfg = Debug|Any CPU
		{0F6E014E-FA93-456F-8363-E58DF09E6B17}.Debug|Any CPU.Build.0 = Debug|Any CPU
		{0F6E014E-FA93-456F-8363-E58DF09E6B17}.Debug|Any CPU.Deploy.0 = Debug|Any CPU
		{0F6E014E-FA93-456F-8363-E58DF09E6B17}.Debug|ARM.ActiveCfg = Debug|Any CPU
		{0F6E014E-FA93-456F-8363-E58DF09E6B17}.Debug|ARM.Build.0 = Debug|Any CPU
		{0F6E014E-FA93-456F-8363-E58DF09E6B17}.Debug|ARM.Deploy.0 = Debug|Any CPU
		{0F6E014E-FA93-456F-8363-E58DF09E6B17}.Debug|iPhone.ActiveCfg = Debug|Any CPU
		{0F6E014E-FA93-456F-8363-E58DF09E6B17}.Debug|iPhone.Build.0 = Debug|Any CPU
		{0F6E014E-FA93-456F-8363-E58DF09E6B17}.Debug|iPhone.Deploy.0 = Debug|Any CPU
		{0F6E014E-FA93-456F-8363-E58DF09E6B17}.Debug|iPhoneSimulator.ActiveCfg = Debug|Any CPU
		{0F6E014E-FA93-456F-8363-E58DF09E6B17}.Debug|iPhoneSimulator.Build.0 = Debug|Any CPU
		{0F6E014E-FA93-456F-8363-E58DF09E6B17}.Debug|iPhoneSimulator.Deploy.0 = Debug|Any CPU
		{0F6E014E-FA93-456F-8363-E58DF09E6B17}.Debug|x86.ActiveCfg = Debug|Any CPU
		{0F6E014E-FA93-456F-8363-E58DF09E6B17}.Debug|x86.Build.0 = Debug|Any CPU
		{0F6E014E-FA93-456F-8363-E58DF09E6B17}.Debug|x86.Deploy.0 = Debug|Any CPU
		{0F6E014E-FA93-456F-8363-E58DF09E6B17}.Release|Any CPU.ActiveCfg = Release|Any CPU
		{0F6E014E-FA93-456F-8363-E58DF09E6B17}.Release|Any CPU.Build.0 = Release|Any CPU
		{0F6E014E-FA93-456F-8363-E58DF09E6B17}.Release|Any CPU.Deploy.0 = Release|Any CPU
		{0F6E014E-FA93-456F-8363-E58DF09E6B17}.Release|ARM.ActiveCfg = Release|Any CPU
		{0F6E014E-FA93-456F-8363-E58DF09E6B17}.Release|ARM.Build.0 = Release|Any CPU
		{0F6E014E-FA93-456F-8363-E58DF09E6B17}.Release|ARM.Deploy.0 = Release|Any CPU
		{0F6E014E-FA93-456F-8363-E58DF09E6B17}.Release|iPhone.ActiveCfg = Release|Any CPU
		{0F6E014E-FA93-456F-8363-E58DF09E6B17}.Release|iPhone.Build.0 = Release|Any CPU
		{0F6E014E-FA93-456F-8363-E58DF09E6B17}.Release|iPhone.Deploy.0 = Release|Any CPU
		{0F6E014E-FA93-456F-8363-E58DF09E6B17}.Release|iPhoneSimulator.ActiveCfg = Release|Any CPU
		{0F6E014E-FA93-456F-8363-E58DF09E6B17}.Release|iPhoneSimulator.Build.0 = Release|Any CPU
		{0F6E014E-FA93-456F-8363-E58DF09E6B17}.Release|iPhoneSimulator.Deploy.0 = Release|Any CPU
		{0F6E014E-FA93-456F-8363-E58DF09E6B17}.Release|x86.ActiveCfg = Release|Any CPU
		{0F6E014E-FA93-456F-8363-E58DF09E6B17}.Release|x86.Build.0 = Release|Any CPU
		{0F6E014E-FA93-456F-8363-E58DF09E6B17}.Release|x86.Deploy.0 = Release|Any CPU
		{08EB2D5E-23AC-4752-BD09-35763B74C65E}.Ad-Hoc|Any CPU.ActiveCfg = Release|Any CPU
		{08EB2D5E-23AC-4752-BD09-35763B74C65E}.Ad-Hoc|Any CPU.Build.0 = Release|Any CPU
		{08EB2D5E-23AC-4752-BD09-35763B74C65E}.Ad-Hoc|Any CPU.Deploy.0 = Release|Any CPU
		{08EB2D5E-23AC-4752-BD09-35763B74C65E}.Ad-Hoc|ARM.ActiveCfg = Release|ARM
		{08EB2D5E-23AC-4752-BD09-35763B74C65E}.Ad-Hoc|ARM.Build.0 = Release|ARM
		{08EB2D5E-23AC-4752-BD09-35763B74C65E}.Ad-Hoc|ARM.Deploy.0 = Release|ARM
		{08EB2D5E-23AC-4752-BD09-35763B74C65E}.Ad-Hoc|iPhone.ActiveCfg = Release|Any CPU
		{08EB2D5E-23AC-4752-BD09-35763B74C65E}.Ad-Hoc|iPhone.Build.0 = Release|Any CPU
		{08EB2D5E-23AC-4752-BD09-35763B74C65E}.Ad-Hoc|iPhone.Deploy.0 = Release|Any CPU
		{08EB2D5E-23AC-4752-BD09-35763B74C65E}.Ad-Hoc|iPhoneSimulator.ActiveCfg = Release|Any CPU
		{08EB2D5E-23AC-4752-BD09-35763B74C65E}.Ad-Hoc|iPhoneSimulator.Build.0 = Release|Any CPU
		{08EB2D5E-23AC-4752-BD09-35763B74C65E}.Ad-Hoc|iPhoneSimulator.Deploy.0 = Release|Any CPU
		{08EB2D5E-23AC-4752-BD09-35763B74C65E}.Ad-Hoc|x86.ActiveCfg = Release|x86
		{08EB2D5E-23AC-4752-BD09-35763B74C65E}.Ad-Hoc|x86.Build.0 = Release|x86
		{08EB2D5E-23AC-4752-BD09-35763B74C65E}.Ad-Hoc|x86.Deploy.0 = Release|x86
		{08EB2D5E-23AC-4752-BD09-35763B74C65E}.AppStore|Any CPU.ActiveCfg = Release|Any CPU
		{08EB2D5E-23AC-4752-BD09-35763B74C65E}.AppStore|Any CPU.Build.0 = Release|Any CPU
		{08EB2D5E-23AC-4752-BD09-35763B74C65E}.AppStore|Any CPU.Deploy.0 = Release|Any CPU
		{08EB2D5E-23AC-4752-BD09-35763B74C65E}.AppStore|ARM.ActiveCfg = Release|ARM
		{08EB2D5E-23AC-4752-BD09-35763B74C65E}.AppStore|ARM.Build.0 = Release|ARM
		{08EB2D5E-23AC-4752-BD09-35763B74C65E}.AppStore|ARM.Deploy.0 = Release|ARM
		{08EB2D5E-23AC-4752-BD09-35763B74C65E}.AppStore|iPhone.ActiveCfg = Release|Any CPU
		{08EB2D5E-23AC-4752-BD09-35763B74C65E}.AppStore|iPhone.Build.0 = Release|Any CPU
		{08EB2D5E-23AC-4752-BD09-35763B74C65E}.AppStore|iPhone.Deploy.0 = Release|Any CPU
		{08EB2D5E-23AC-4752-BD09-35763B74C65E}.AppStore|iPhoneSimulator.ActiveCfg = Release|Any CPU
		{08EB2D5E-23AC-4752-BD09-35763B74C65E}.AppStore|iPhoneSimulator.Build.0 = Release|Any CPU
		{08EB2D5E-23AC-4752-BD09-35763B74C65E}.AppStore|iPhoneSimulator.Deploy.0 = Release|Any CPU
		{08EB2D5E-23AC-4752-BD09-35763B74C65E}.AppStore|x86.ActiveCfg = Release|x86
		{08EB2D5E-23AC-4752-BD09-35763B74C65E}.AppStore|x86.Build.0 = Release|x86
		{08EB2D5E-23AC-4752-BD09-35763B74C65E}.AppStore|x86.Deploy.0 = Release|x86
		{08EB2D5E-23AC-4752-BD09-35763B74C65E}.Debug|Any CPU.ActiveCfg = Debug|Any CPU
		{08EB2D5E-23AC-4752-BD09-35763B74C65E}.Debug|Any CPU.Build.0 = Debug|Any CPU
		{08EB2D5E-23AC-4752-BD09-35763B74C65E}.Debug|Any CPU.Deploy.0 = Debug|Any CPU
		{08EB2D5E-23AC-4752-BD09-35763B74C65E}.Debug|ARM.ActiveCfg = Debug|ARM
		{08EB2D5E-23AC-4752-BD09-35763B74C65E}.Debug|ARM.Build.0 = Debug|ARM
		{08EB2D5E-23AC-4752-BD09-35763B74C65E}.Debug|ARM.Deploy.0 = Debug|ARM
		{08EB2D5E-23AC-4752-BD09-35763B74C65E}.Debug|iPhone.ActiveCfg = Debug|Any CPU
		{08EB2D5E-23AC-4752-BD09-35763B74C65E}.Debug|iPhone.Build.0 = Debug|Any CPU
		{08EB2D5E-23AC-4752-BD09-35763B74C65E}.Debug|iPhone.Deploy.0 = Debug|Any CPU
		{08EB2D5E-23AC-4752-BD09-35763B74C65E}.Debug|iPhoneSimulator.ActiveCfg = Debug|Any CPU
		{08EB2D5E-23AC-4752-BD09-35763B74C65E}.Debug|iPhoneSimulator.Build.0 = Debug|Any CPU
		{08EB2D5E-23AC-4752-BD09-35763B74C65E}.Debug|iPhoneSimulator.Deploy.0 = Debug|Any CPU
		{08EB2D5E-23AC-4752-BD09-35763B74C65E}.Debug|x86.ActiveCfg = Debug|x86
		{08EB2D5E-23AC-4752-BD09-35763B74C65E}.Debug|x86.Build.0 = Debug|x86
		{08EB2D5E-23AC-4752-BD09-35763B74C65E}.Debug|x86.Deploy.0 = Debug|x86
		{08EB2D5E-23AC-4752-BD09-35763B74C65E}.Release|Any CPU.ActiveCfg = Release|Any CPU
		{08EB2D5E-23AC-4752-BD09-35763B74C65E}.Release|Any CPU.Build.0 = Release|Any CPU
		{08EB2D5E-23AC-4752-BD09-35763B74C65E}.Release|Any CPU.Deploy.0 = Release|Any CPU
		{08EB2D5E-23AC-4752-BD09-35763B74C65E}.Release|ARM.ActiveCfg = Release|ARM
		{08EB2D5E-23AC-4752-BD09-35763B74C65E}.Release|ARM.Build.0 = Release|ARM
		{08EB2D5E-23AC-4752-BD09-35763B74C65E}.Release|ARM.Deploy.0 = Release|ARM
		{08EB2D5E-23AC-4752-BD09-35763B74C65E}.Release|iPhone.ActiveCfg = Release|Any CPU
		{08EB2D5E-23AC-4752-BD09-35763B74C65E}.Release|iPhone.Build.0 = Release|Any CPU
		{08EB2D5E-23AC-4752-BD09-35763B74C65E}.Release|iPhone.Deploy.0 = Release|Any CPU
		{08EB2D5E-23AC-4752-BD09-35763B74C65E}.Release|iPhoneSimulator.ActiveCfg = Release|Any CPU
		{08EB2D5E-23AC-4752-BD09-35763B74C65E}.Release|iPhoneSimulator.Build.0 = Release|Any CPU
		{08EB2D5E-23AC-4752-BD09-35763B74C65E}.Release|iPhoneSimulator.Deploy.0 = Release|Any CPU
		{08EB2D5E-23AC-4752-BD09-35763B74C65E}.Release|x86.ActiveCfg = Release|x86
		{08EB2D5E-23AC-4752-BD09-35763B74C65E}.Release|x86.Build.0 = Release|x86
		{08EB2D5E-23AC-4752-BD09-35763B74C65E}.Release|x86.Deploy.0 = Release|x86
		{6C75A61B-3CBB-4513-A5A5-145D9D17C6E4}.Ad-Hoc|Any CPU.ActiveCfg = Ad-Hoc|iPhone
		{6C75A61B-3CBB-4513-A5A5-145D9D17C6E4}.Ad-Hoc|ARM.ActiveCfg = Ad-Hoc|iPhone
		{6C75A61B-3CBB-4513-A5A5-145D9D17C6E4}.Ad-Hoc|iPhone.ActiveCfg = Ad-Hoc|iPhone
		{6C75A61B-3CBB-4513-A5A5-145D9D17C6E4}.Ad-Hoc|iPhone.Build.0 = Ad-Hoc|iPhone
		{6C75A61B-3CBB-4513-A5A5-145D9D17C6E4}.Ad-Hoc|iPhoneSimulator.ActiveCfg = Ad-Hoc|iPhoneSimulator
		{6C75A61B-3CBB-4513-A5A5-145D9D17C6E4}.Ad-Hoc|iPhoneSimulator.Build.0 = Ad-Hoc|iPhoneSimulator
		{6C75A61B-3CBB-4513-A5A5-145D9D17C6E4}.Ad-Hoc|x86.ActiveCfg = Ad-Hoc|iPhone
		{6C75A61B-3CBB-4513-A5A5-145D9D17C6E4}.AppStore|Any CPU.ActiveCfg = AppStore|iPhone
		{6C75A61B-3CBB-4513-A5A5-145D9D17C6E4}.AppStore|ARM.ActiveCfg = AppStore|iPhone
		{6C75A61B-3CBB-4513-A5A5-145D9D17C6E4}.AppStore|iPhone.ActiveCfg = AppStore|iPhone
		{6C75A61B-3CBB-4513-A5A5-145D9D17C6E4}.AppStore|iPhone.Build.0 = AppStore|iPhone
		{6C75A61B-3CBB-4513-A5A5-145D9D17C6E4}.AppStore|iPhoneSimulator.ActiveCfg = AppStore|iPhoneSimulator
		{6C75A61B-3CBB-4513-A5A5-145D9D17C6E4}.AppStore|iPhoneSimulator.Build.0 = AppStore|iPhoneSimulator
		{6C75A61B-3CBB-4513-A5A5-145D9D17C6E4}.AppStore|x86.ActiveCfg = AppStore|iPhone
		{6C75A61B-3CBB-4513-A5A5-145D9D17C6E4}.Debug|Any CPU.ActiveCfg = Debug|iPhone
		{6C75A61B-3CBB-4513-A5A5-145D9D17C6E4}.Debug|ARM.ActiveCfg = Debug|iPhone
		{6C75A61B-3CBB-4513-A5A5-145D9D17C6E4}.Debug|iPhone.ActiveCfg = Debug|iPhone
		{6C75A61B-3CBB-4513-A5A5-145D9D17C6E4}.Debug|iPhone.Build.0 = Debug|iPhone
		{6C75A61B-3CBB-4513-A5A5-145D9D17C6E4}.Debug|iPhoneSimulator.ActiveCfg = Debug|iPhoneSimulator
		{6C75A61B-3CBB-4513-A5A5-145D9D17C6E4}.Debug|iPhoneSimulator.Build.0 = Debug|iPhoneSimulator
		{6C75A61B-3CBB-4513-A5A5-145D9D17C6E4}.Debug|x86.ActiveCfg = Debug|iPhone
		{6C75A61B-3CBB-4513-A5A5-145D9D17C6E4}.Release|Any CPU.ActiveCfg = Release|iPhone
		{6C75A61B-3CBB-4513-A5A5-145D9D17C6E4}.Release|ARM.ActiveCfg = Release|iPhone
		{6C75A61B-3CBB-4513-A5A5-145D9D17C6E4}.Release|iPhone.ActiveCfg = Release|iPhone
		{6C75A61B-3CBB-4513-A5A5-145D9D17C6E4}.Release|iPhone.Build.0 = Release|iPhone
		{6C75A61B-3CBB-4513-A5A5-145D9D17C6E4}.Release|iPhoneSimulator.ActiveCfg = Release|iPhoneSimulator
		{6C75A61B-3CBB-4513-A5A5-145D9D17C6E4}.Release|iPhoneSimulator.Build.0 = Release|iPhoneSimulator
		{6C75A61B-3CBB-4513-A5A5-145D9D17C6E4}.Release|x86.ActiveCfg = Release|iPhone
	EndGlobalSection
	GlobalSection(SolutionProperties) = preSolution
		HideSolutionNode = FALSE
	EndGlobalSection
EndGlobal
